
Microsoft Visual Studio Solution File, Format Version 12.00
# Visual Studio Version 17
VisualStudioVersion = 17.14.36105.17
MinimumVisualStudioVersion = 10.0.40219.1
Project("{FAE04EC0-301F-11D3-BF4B-00C04F79EFBC}") = "ParProgrameringsOppgave", "ParProgrameringsOppgave\ParProgrameringsOppgave.csproj", "{51926953-FC04-4955-AD91-D36322481286}"
EndProject
Global
	GlobalSection(SolutionConfigurationPlatforms) = preSolution
		Debug|Any CPU = Debug|Any CPU
		Release|Any CPU = Release|Any CPU
	EndGlobalSection
	GlobalSection(ProjectConfigurationPlatforms) = postSolution
		{51926953-FC04-4955-AD91-D36322481286}.Debug|Any CPU.ActiveCfg = Debug|Any CPU
		{51926953-FC04-4955-AD91-D36322481286}.Debug|Any CPU.Build.0 = Debug|Any CPU
		{51926953-FC04-4955-AD91-D36322481286}.Release|Any CPU.ActiveCfg = Release|Any CPU
		{51926953-FC04-4955-AD91-D36322481286}.Release|Any CPU.Build.0 = Release|Any CPU
	EndGlobalSection
	GlobalSection(SolutionProperties) = preSolution
		HideSolutionNode = FALSE
	EndGlobalSection
	GlobalSection(ExtensibilityGlobals) = postSolution
		SolutionGuid = {777EB4FC-EA64-4BBD-A793-447D46430F71}
	EndGlobalSection
EndGlobal
